// !$*UTF8*$!
{
	archiveVersion = 1;
	classes = {
	};
	objectVersion = 56;
	objects = {

/* Begin PBXBuildFile section */
		CEF3DBFD2966E91F0081A1AA /* TechCheck_MobileApp.swift in Sources */ = {isa = PBXBuildFile; fileRef = CEF3DBFC2966E91F0081A1AA /* TechCheck_MobileApp.swift */; };
		CEF3DBFF2966E91F0081A1AA /* ContentView.swift in Sources */ = {isa = PBXBuildFile; fileRef = CEF3DBFE2966E91F0081A1AA /* ContentView.swift */; };
		CEF3DC012966E9200081A1AA /* Assets.xcassets in Resources */ = {isa = PBXBuildFile; fileRef = CEF3DC002966E9200081A1AA /* Assets.xcassets */; };
		CEF3DC042966E9200081A1AA /* Preview Assets.xcassets in Resources */ = {isa = PBXBuildFile; fileRef = CEF3DC032966E9200081A1AA /* Preview Assets.xcassets */; };
		CEF3DC0E2966E9200081A1AA /* TechCheck_MobileTests.swift in Sources */ = {isa = PBXBuildFile; fileRef = CEF3DC0D2966E9200081A1AA /* TechCheck_MobileTests.swift */; };
		CEF3DC182966E9200081A1AA /* TechCheck_MobileUITests.swift in Sources */ = {isa = PBXBuildFile; fileRef = CEF3DC172966E9200081A1AA /* TechCheck_MobileUITests.swift */; };
		CEF3DC1A2966E9200081A1AA /* TechCheck_MobileUITestsLaunchTests.swift in Sources */ = {isa = PBXBuildFile; fileRef = CEF3DC192966E9200081A1AA /* TechCheck_MobileUITestsLaunchTests.swift */; };
/* End PBXBuildFile section */

/* Begin PBXContainerItemProxy section */
		CEF3DC0A2966E9200081A1AA /* PBXContainerItemProxy */ = {
			isa = PBXContainerItemProxy;
			containerPortal = CEF3DBF12966E91F0081A1AA /* Project object */;
			proxyType = 1;
			remoteGlobalIDString = CEF3DBF82966E91F0081A1AA;
			remoteInfo = "TechCheck-Mobile";
		};
		CEF3DC142966E9200081A1AA /* PBXContainerItemProxy */ = {
			isa = PBXContainerItemProxy;
			containerPortal = CEF3DBF12966E91F0081A1AA /* Project object */;
			proxyType = 1;
			remoteGlobalIDString = CEF3DBF82966E91F0081A1AA;
			remoteInfo = "TechCheck-Mobile";
		};
/* End PBXContainerItemProxy section */

/* Begin PBXFileReference section */
		CEF3DBF92966E91F0081A1AA /* TechCheck-Mobile.app */ = {isa = PBXFileReference; explicitFileType = wrapper.application; includeInIndex = 0; path = "TechCheck-Mobile.app"; sourceTree = BUILT_PRODUCTS_DIR; };
		CEF3DBFC2966E91F0081A1AA /* TechCheck_MobileApp.swift */ = {isa = PBXFileReference; lastKnownFileType = sourcecode.swift; path = TechCheck_MobileApp.swift; sourceTree = "<group>"; };
		CEF3DBFE2966E91F0081A1AA /* ContentView.swift */ = {isa = PBXFileReference; lastKnownFileType = sourcecode.swift; path = ContentView.swift; sourceTree = "<group>"; };
		CEF3DC002966E9200081A1AA /* Assets.xcassets */ = {isa = PBXFileReference; lastKnownFileType = folder.assetcatalog; path = Assets.xcassets; sourceTree = "<group>"; };
		CEF3DC032966E9200081A1AA /* Preview Assets.xcassets */ = {isa = PBXFileReference; lastKnownFileType = folder.assetcatalog; path = "Preview Assets.xcassets"; sourceTree = "<group>"; };
		CEF3DC092966E9200081A1AA /* TechCheck-MobileTests.xctest */ = {isa = PBXFileReference; explicitFileType = wrapper.cfbundle; includeInIndex = 0; path = "TechCheck-MobileTests.xctest"; sourceTree = BUILT_PRODUCTS_DIR; };
		CEF3DC0D2966E9200081A1AA /* TechCheck_MobileTests.swift */ = {isa = PBXFileReference; lastKnownFileType = sourcecode.swift; path = TechCheck_MobileTests.swift; sourceTree = "<group>"; };
		CEF3DC132966E9200081A1AA /* TechCheck-MobileUITests.xctest */ = {isa = PBXFileReference; explicitFileType = wrapper.cfbundle; includeInIndex = 0; path = "TechCheck-MobileUITests.xctest"; sourceTree = BUILT_PRODUCTS_DIR; };
		CEF3DC172966E9200081A1AA /* TechCheck_MobileUITests.swift */ = {isa = PBXFileReference; lastKnownFileType = sourcecode.swift; path = TechCheck_MobileUITests.swift; sourceTree = "<group>"; };
		CEF3DC192966E9200081A1AA /* TechCheck_MobileUITestsLaunchTests.swift */ = {isa = PBXFileReference; lastKnownFileType = sourcecode.swift; path = TechCheck_MobileUITestsLaunchTests.swift; sourceTree = "<group>"; };
/* End PBXFileReference section */

/* Begin PBXFrameworksBuildPhase section */
		CEF3DBF62966E91F0081A1AA /* Frameworks */ = {
			isa = PBXFrameworksBuildPhase;
			buildActionMask = 2147483647;
			files = (
			);
			runOnlyForDeploymentPostprocessing = 0;
		};
		CEF3DC062966E9200081A1AA /* Frameworks */ = {
			isa = PBXFrameworksBuildPhase;
			buildActionMask = 2147483647;
			files = (
			);
			runOnlyForDeploymentPostprocessing = 0;
		};
		CEF3DC102966E9200081A1AA /* Frameworks */ = {
			isa = PBXFrameworksBuildPhase;
			buildActionMask = 2147483647;
			files = (
			);
			runOnlyForDeploymentPostprocessing = 0;
		};
/* End PBXFrameworksBuildPhase section */

/* Begin PBXGroup section */
		CEF3DBF02966E91F0081A1AA = {
			isa = PBXGroup;
			children = (
				CEF3DBFB2966E91F0081A1AA /* TechCheck-Mobile */,
				CEF3DC0C2966E9200081A1AA /* TechCheck-MobileTests */,
				CEF3DC162966E9200081A1AA /* TechCheck-MobileUITests */,
				CEF3DBFA2966E91F0081A1AA /* Products */,
			);
			sourceTree = "<group>";
		};
		CEF3DBFA2966E91F0081A1AA /* Products */ = {
			isa = PBXGroup;
			children = (
				CEF3DBF92966E91F0081A1AA /* TechCheck-Mobile.app */,
				CEF3DC092966E9200081A1AA /* TechCheck-MobileTests.xctest */,
				CEF3DC132966E9200081A1AA /* TechCheck-MobileUITests.xctest */,
			);
			name = Products;
			sourceTree = "<group>";
		};
		CEF3DBFB2966E91F0081A1AA /* TechCheck-Mobile */ = {
			isa = PBXGroup;
			children = (
				CEF3DBFC2966E91F0081A1AA /* TechCheck_MobileApp.swift */,
				CEF3DBFE2966E91F0081A1AA /* ContentView.swift */,
				CEF3DC002966E9200081A1AA /* Assets.xcassets */,
				CEF3DC022966E9200081A1AA /* Preview Content */,
			);
			path = "TechCheck-Mobile";
			sourceTree = "<group>";
		};
		CEF3DC022966E9200081A1AA /* Preview Content */ = {
			isa = PBXGroup;
			children = (
				CEF3DC032966E9200081A1AA /* Preview Assets.xcassets */,
			);
			path = "Preview Content";
			sourceTree = "<group>";
		};
		CEF3DC0C2966E9200081A1AA /* TechCheck-MobileTests */ = {
			isa = PBXGroup;
			children = (
				CEF3DC0D2966E9200081A1AA /* TechCheck_MobileTests.swift */,
			);
			path = "TechCheck-MobileTests";
			sourceTree = "<group>";
		};
		CEF3DC162966E9200081A1AA /* TechCheck-MobileUITests */ = {
			isa = PBXGroup;
			children = (
				CEF3DC172966E9200081A1AA /* TechCheck_MobileUITests.swift */,
				CEF3DC192966E9200081A1AA /* TechCheck_MobileUITestsLaunchTests.swift */,
			);
			path = "TechCheck-MobileUITests";
			sourceTree = "<group>";
		};
/* End PBXGroup section */

/* Begin PBXNativeTarget section */
		CEF3DBF82966E91F0081A1AA /* TechCheck-Mobile */ = {
			isa = PBXNativeTarget;
			buildConfigurationList = CEF3DC1D2966E9200081A1AA /* Build configuration list for PBXNativeTarget "TechCheck-Mobile" */;
			buildPhases = (
				CEF3DBF52966E91F0081A1AA /* Sources */,
				CEF3DBF62966E91F0081A1AA /* Frameworks */,
				CEF3DBF72966E91F0081A1AA /* Resources */,
			);
			buildRules = (
			);
			dependencies = (
			);
			name = "TechCheck-Mobile";
			productName = "TechCheck-Mobile";
			productReference = CEF3DBF92966E91F0081A1AA /* TechCheck-Mobile.app */;
			productType = "com.apple.product-type.application";
		};
		CEF3DC082966E9200081A1AA /* TechCheck-MobileTests */ = {
			isa = PBXNativeTarget;
			buildConfigurationList = CEF3DC202966E9200081A1AA /* Build configuration list for PBXNativeTarget "TechCheck-MobileTests" */;
			buildPhases = (
				CEF3DC052966E9200081A1AA /* Sources */,
				CEF3DC062966E9200081A1AA /* Frameworks */,
				CEF3DC072966E9200081A1AA /* Resources */,
			);
			buildRules = (
			);
			dependencies = (
				CEF3DC0B2966E9200081A1AA /* PBXTargetDependency */,
			);
			name = "TechCheck-MobileTests";
			productName = "TechCheck-MobileTests";
			productReference = CEF3DC092966E9200081A1AA /* TechCheck-MobileTests.xctest */;
			productType = "com.apple.product-type.bundle.unit-test";
		};
		CEF3DC122966E9200081A1AA /* TechCheck-MobileUITests */ = {
			isa = PBXNativeTarget;
			buildConfigurationList = CEF3DC232966E9200081A1AA /* Build configuration list for PBXNativeTarget "TechCheck-MobileUITests" */;
			buildPhases = (
				CEF3DC0F2966E9200081A1AA /* Sources */,
				CEF3DC102966E9200081A1AA /* Frameworks */,
				CEF3DC112966E9200081A1AA /* Resources */,
			);
			buildRules = (
			);
			dependencies = (
				CEF3DC152966E9200081A1AA /* PBXTargetDependency */,
			);
			name = "TechCheck-MobileUITests";
			productName = "TechCheck-MobileUITests";
			productReference = CEF3DC132966E9200081A1AA /* TechCheck-MobileUITests.xctest */;
			productType = "com.apple.product-type.bundle.ui-testing";
		};
/* End PBXNativeTarget section */

/* Begin PBXProject section */
		CEF3DBF12966E91F0081A1AA /* Project object */ = {
			isa = PBXProject;
			attributes = {
				BuildIndependentTargetsInParallel = 1;
				LastSwiftUpdateCheck = 1410;
				LastUpgradeCheck = 1410;
				TargetAttributes = {
					CEF3DBF82966E91F0081A1AA = {
						CreatedOnToolsVersion = 14.1;
					};
					CEF3DC082966E9200081A1AA = {
						CreatedOnToolsVersion = 14.1;
						TestTargetID = CEF3DBF82966E91F0081A1AA;
					};
					CEF3DC122966E9200081A1AA = {
						CreatedOnToolsVersion = 14.1;
						TestTargetID = CEF3DBF82966E91F0081A1AA;
					};
				};
			};
			buildConfigurationList = CEF3DBF42966E91F0081A1AA /* Build configuration list for PBXProject "TechCheck-Mobile" */;
			compatibilityVersion = "Xcode 14.0";
			developmentRegion = en;
			hasScannedForEncodings = 0;
			knownRegions = (
				en,
				Base,
			);
			mainGroup = CEF3DBF02966E91F0081A1AA;
			productRefGroup = CEF3DBFA2966E91F0081A1AA /* Products */;
			projectDirPath = "";
			projectRoot = "";
			targets = (
				CEF3DBF82966E91F0081A1AA /* TechCheck-Mobile */,
				CEF3DC082966E9200081A1AA /* TechCheck-MobileTests */,
				CEF3DC122966E9200081A1AA /* TechCheck-MobileUITests */,
			);
		};
/* End PBXProject section */

/* Begin PBXResourcesBuildPhase section */
		CEF3DBF72966E91F0081A1AA /* Resources */ = {
			isa = PBXResourcesBuildPhase;
			buildActionMask = 2147483647;
			files = (
				CEF3DC042966E9200081A1AA /* Preview Assets.xcassets in Resources */,
				CEF3DC012966E9200081A1AA /* Assets.xcassets in Resources */,
			);
			runOnlyForDeploymentPostprocessing = 0;
		};
		CEF3DC072966E9200081A1AA /* Resources */ = {
			isa = PBXResourcesBuildPhase;
			buildActionMask = 2147483647;
			files = (
			);
			runOnlyForDeploymentPostprocessing = 0;
		};
		CEF3DC112966E9200081A1AA /* Resources */ = {
			isa = PBXResourcesBuildPhase;
			buildActionMask = 2147483647;
			files = (
			);
			runOnlyForDeploymentPostprocessing = 0;
		};
/* End PBXResourcesBuildPhase section */

/* Begin PBXSourcesBuildPhase section */
		CEF3DBF52966E91F0081A1AA /* Sources */ = {
			isa = PBXSourcesBuildPhase;
			buildActionMask = 2147483647;
			files = (
				CEF3DBFF2966E91F0081A1AA /* ContentView.swift in Sources */,
				CEF3DBFD2966E91F0081A1AA /* TechCheck_MobileApp.swift in Sources */,
			);
			runOnlyForDeploymentPostprocessing = 0;
		};
		CEF3DC052966E9200081A1AA /* Sources */ = {
			isa = PBXSourcesBuildPhase;
			buildActionMask = 2147483647;
			files = (
				CEF3DC0E2966E9200081A1AA /* TechCheck_MobileTests.swift in Sources */,
			);
			runOnlyForDeploymentPostprocessing = 0;
		};
		CEF3DC0F2966E9200081A1AA /* Sources */ = {
			isa = PBXSourcesBuildPhase;
			buildActionMask = 2147483647;
			files = (
				CEF3DC182966E9200081A1AA /* TechCheck_MobileUITests.swift in Sources */,
				CEF3DC1A2966E9200081A1AA /* TechCheck_MobileUITestsLaunchTests.swift in Sources */,
			);
			runOnlyForDeploymentPostprocessing = 0;
		};
/* End PBXSourcesBuildPhase section */

/* Begin PBXTargetDependency section */
		CEF3DC0B2966E9200081A1AA /* PBXTargetDependency */ = {
			isa = PBXTargetDependency;
			target = CEF3DBF82966E91F0081A1AA /* TechCheck-Mobile */;
			targetProxy = CEF3DC0A2966E9200081A1AA /* PBXContainerItemProxy */;
		};
		CEF3DC152966E9200081A1AA /* PBXTargetDependency */ = {
			isa = PBXTargetDependency;
			target = CEF3DBF82966E91F0081A1AA /* TechCheck-Mobile */;
			targetProxy = CEF3DC142966E9200081A1AA /* PBXContainerItemProxy */;
		};
/* End PBXTargetDependency section */

/* Begin XCBuildConfiguration section */
		CEF3DC1B2966E9200081A1AA /* Debug */ = {
			isa = XCBuildConfiguration;
			buildSettings = {
				ALWAYS_SEARCH_USER_PATHS = NO;
				CLANG_ANALYZER_NONNULL = YES;
				CLANG_ANALYZER_NUMBER_OBJECT_CONVERSION = YES_AGGRESSIVE;
				CLANG_CXX_LANGUAGE_STANDARD = "gnu++20";
				CLANG_ENABLE_MODULES = YES;
				CLANG_ENABLE_OBJC_ARC = YES;
				CLANG_ENABLE_OBJC_WEAK = YES;
				CLANG_WARN_BLOCK_CAPTURE_AUTORELEASING = YES;
				CLANG_WARN_BOOL_CONVERSION = YES;
				CLANG_WARN_COMMA = YES;
				CLANG_WARN_CONSTANT_CONVERSION = YES;
				CLANG_WARN_DEPRECATED_OBJC_IMPLEMENTATIONS = YES;
				CLANG_WARN_DIRECT_OBJC_ISA_USAGE = YES_ERROR;
				CLANG_WARN_DOCUMENTATION_COMMENTS = YES;
				CLANG_WARN_EMPTY_BODY = YES;
				CLANG_WARN_ENUM_CONVERSION = YES;
				CLANG_WARN_INFINITE_RECURSION = YES;
				CLANG_WARN_INT_CONVERSION = YES;
				CLANG_WARN_NON_LITERAL_NULL_CONVERSION = YES;
				CLANG_WARN_OBJC_IMPLICIT_RETAIN_SELF = YES;
				CLANG_WARN_OBJC_LITERAL_CONVERSION = YES;
				CLANG_WARN_OBJC_ROOT_CLASS = YES_ERROR;
				CLANG_WARN_QUOTED_INCLUDE_IN_FRAMEWORK_HEADER = YES;
				CLANG_WARN_RANGE_LOOP_ANALYSIS = YES;
				CLANG_WARN_STRICT_PROTOTYPES = YES;
				CLANG_WARN_SUSPICIOUS_MOVE = YES;
				CLANG_WARN_UNGUARDED_AVAILABILITY = YES_AGGRESSIVE;
				CLANG_WARN_UNREACHABLE_CODE = YES;
				CLANG_WARN__DUPLICATE_METHOD_MATCH = YES;
				COPY_PHASE_STRIP = NO;
				DEBUG_INFORMATION_FORMAT = dwarf;
				ENABLE_STRICT_OBJC_MSGSEND = YES;
				ENABLE_TESTABILITY = YES;
				GCC_C_LANGUAGE_STANDARD = gnu11;
				GCC_DYNAMIC_NO_PIC = NO;
				GCC_NO_COMMON_BLOCKS = YES;
				GCC_OPTIMIZATION_LEVEL = 0;
				GCC_PREPROCESSOR_DEFINITIONS = (
					"DEBUG=1",
					"$(inherited)",
				);
				GCC_WARN_64_TO_32_BIT_CONVERSION = YES;
				GCC_WARN_ABOUT_RETURN_TYPE = YES_ERROR;
				GCC_WARN_UNDECLARED_SELECTOR = YES;
				GCC_WARN_UNINITIALIZED_AUTOS = YES_AGGRESSIVE;
				GCC_WARN_UNUSED_FUNCTION = YES;
				GCC_WARN_UNUSED_VARIABLE = YES;
				IPHONEOS_DEPLOYMENT_TARGET = 16.1;
				MTL_ENABLE_DEBUG_INFO = INCLUDE_SOURCE;
				MTL_FAST_MATH = YES;
				ONLY_ACTIVE_ARCH = YES;
				SDKROOT = iphoneos;
				SWIFT_ACTIVE_COMPILATION_CONDITIONS = DEBUG;
				SWIFT_OPTIMIZATION_LEVEL = "-Onone";
			};
			name = Debug;
		};
		CEF3DC1C2966E9200081A1AA /* Release */ = {
			isa = XCBuildConfiguration;
			buildSettings = {
				ALWAYS_SEARCH_USER_PATHS = NO;
				CLANG_ANALYZER_NONNULL = YES;
				CLANG_ANALYZER_NUMBER_OBJECT_CONVERSION = YES_AGGRESSIVE;
				CLANG_CXX_LANGUAGE_STANDARD = "gnu++20";
				CLANG_ENABLE_MODULES = YES;
				CLANG_ENABLE_OBJC_ARC = YES;
				CLANG_ENABLE_OBJC_WEAK = YES;
				CLANG_WARN_BLOCK_CAPTURE_AUTORELEASING = YES;
				CLANG_WARN_BOOL_CONVERSION = YES;
				CLANG_WARN_COMMA = YES;
				CLANG_WARN_CONSTANT_CONVERSION = YES;
				CLANG_WARN_DEPRECATED_OBJC_IMPLEMENTATIONS = YES;
				CLANG_WARN_DIRECT_OBJC_ISA_USAGE = YES_ERROR;
				CLANG_WARN_DOCUMENTATION_COMMENTS = YES;
				CLANG_WARN_EMPTY_BODY = YES;
				CLANG_WARN_ENUM_CONVERSION = YES;
				CLANG_WARN_INFINITE_RECURSION = YES;
				CLANG_WARN_INT_CONVERSION = YES;
				CLANG_WARN_NON_LITERAL_NULL_CONVERSION = YES;
				CLANG_WARN_OBJC_IMPLICIT_RETAIN_SELF = YES;
				CLANG_WARN_OBJC_LITERAL_CONVERSION = YES;
				CLANG_WARN_OBJC_ROOT_CLASS = YES_ERROR;
				CLANG_WARN_QUOTED_INCLUDE_IN_FRAMEWORK_HEADER = YES;
				CLANG_WARN_RANGE_LOOP_ANALYSIS = YES;
				CLANG_WARN_STRICT_PROTOTYPES = YES;
				CLANG_WARN_SUSPICIOUS_MOVE = YES;
				CLANG_WARN_UNGUARDED_AVAILABILITY = YES_AGGRESSIVE;
				CLANG_WARN_UNREACHABLE_CODE = YES;
				CLANG_WARN__DUPLICATE_METHOD_MATCH = YES;
				COPY_PHASE_STRIP = NO;
				DEBUG_INFORMATION_FORMAT = "dwarf-with-dsym";
				ENABLE_NS_ASSERTIONS = NO;
				ENABLE_STRICT_OBJC_MSGSEND = YES;
				GCC_C_LANGUAGE_STANDARD = gnu11;
				GCC_NO_COMMON_BLOCKS = YES;
				GCC_WARN_64_TO_32_BIT_CONVERSION = YES;
				GCC_WARN_ABOUT_RETURN_TYPE = YES_ERROR;
				GCC_WARN_UNDECLARED_SELECTOR = YES;
				GCC_WARN_UNINITIALIZED_AUTOS = YES_AGGRESSIVE;
				GCC_WARN_UNUSED_FUNCTION = YES;
				GCC_WARN_UNUSED_VARIABLE = YES;
				IPHONEOS_DEPLOYMENT_TARGET = 16.1;
				MTL_ENABLE_DEBUG_INFO = NO;
				MTL_FAST_MATH = YES;
				SDKROOT = iphoneos;
				SWIFT_COMPILATION_MODE = wholemodule;
				SWIFT_OPTIMIZATION_LEVEL = "-O";
				VALIDATE_PRODUCT = YES;
			};
			name = Release;
		};
		CEF3DC1E2966E9200081A1AA /* Debug */ = {
			isa = XCBuildConfiguration;
			buildSettings = {
				ASSETCATALOG_COMPILER_APPICON_NAME = AppIcon;
				ASSETCATALOG_COMPILER_GLOBAL_ACCENT_COLOR_NAME = AccentColor;
				CODE_SIGN_STYLE = Automatic;
				CURRENT_PROJECT_VERSION = 1;
				DEVELOPMENT_ASSET_PATHS = "\"TechCheck-Mobile/Preview Content\"";
				DEVELOPMENT_TEAM = AYNN59G89Y;
				ENABLE_PREVIEWS = YES;
				GENERATE_INFOPLIST_FILE = YES;
				INFOPLIST_KEY_UIApplicationSceneManifest_Generation = YES;
				INFOPLIST_KEY_UIApplicationSupportsIndirectInputEvents = YES;
				INFOPLIST_KEY_UILaunchScreen_Generation = YES;
				INFOPLIST_KEY_UISupportedInterfaceOrientations_iPad = "UIInterfaceOrientationPortrait UIInterfaceOrientationPortraitUpsideDown UIInterfaceOrientationLandscapeLeft UIInterfaceOrientationLandscapeRight";
				INFOPLIST_KEY_UISupportedInterfaceOrientations_iPhone = "UIInterfaceOrientationPortrait UIInterfaceOrientationLandscapeLeft UIInterfaceOrientationLandscapeRight";
				LD_RUNPATH_SEARCH_PATHS = (
					"$(inherited)",
					"@executable_path/Frameworks",
				);
				MARKETING_VERSION = 1.0;
				PRODUCT_BUNDLE_IDENTIFIER = "com.my.techcheck.TechCheck-Mobile";
				PRODUCT_NAME = "$(TARGET_NAME)";
				SWIFT_EMIT_LOC_STRINGS = YES;
				SWIFT_VERSION = 5.0;
				TARGETED_DEVICE_FAMILY = "1,2";
			};
			name = Debug;
		};
		CEF3DC1F2966E9200081A1AA /* Release */ = {
			isa = XCBuildConfiguration;
			buildSettings = {
				ASSETCATALOG_COMPILER_APPICON_NAME = AppIcon;
				ASSETCATALOG_COMPILER_GLOBAL_ACCENT_COLOR_NAME = AccentColor;
				CODE_SIGN_STYLE = Automatic;
				CURRENT_PROJECT_VERSION = 1;
				DEVELOPMENT_ASSET_PATHS = "\"TechCheck-Mobile/Preview Content\"";
				DEVELOPMENT_TEAM = AYNN59G89Y;
				ENABLE_PREVIEWS = YES;
				GENERATE_INFOPLIST_FILE = YES;
				INFOPLIST_KEY_UIApplicationSceneManifest_Generation = YES;
				INFOPLIST_KEY_UIApplicationSupportsIndirectInputEvents = YES;
				INFOPLIST_KEY_UILaunchScreen_Generation = YES;
				INFOPLIST_KEY_UISupportedInterfaceOrientations_iPad = "UIInterfaceOrientationPortrait UIInterfaceOrientationPortraitUpsideDown UIInterfaceOrientationLandscapeLeft UIInterfaceOrientationLandscapeRight";
				INFOPLIST_KEY_UISupportedInterfaceOrientations_iPhone = "UIInterfaceOrientationPortrait UIInterfaceOrientationLandscapeLeft UIInterfaceOrientationLandscapeRight";
				LD_RUNPATH_SEARCH_PATHS = (
					"$(inherited)",
					"@executable_path/Frameworks",
				);
				MARKETING_VERSION = 1.0;
				PRODUCT_BUNDLE_IDENTIFIER = "com.my.techcheck.TechCheck-Mobile";
				PRODUCT_NAME = "$(TARGET_NAME)";
				SWIFT_EMIT_LOC_STRINGS = YES;
				SWIFT_VERSION = 5.0;
				TARGETED_DEVICE_FAMILY = "1,2";
			};
			name = Release;
		};
		CEF3DC212966E9200081A1AA /* Debug */ = {
			isa = XCBuildConfiguration;
			buildSettings = {
				ALWAYS_EMBED_SWIFT_STANDARD_LIBRARIES = YES;
				BUNDLE_LOADER = "$(TEST_HOST)";
				CODE_SIGN_STYLE = Automatic;
				CURRENT_PROJECT_VERSION = 1;
				DEVELOPMENT_TEAM = AYNN59G89Y;
				GENERATE_INFOPLIST_FILE = YES;
				IPHONEOS_DEPLOYMENT_TARGET = 16.1;
				MARKETING_VERSION = 1.0;
				PRODUCT_BUNDLE_IDENTIFIER = "com.my.techcheck.TechCheck-MobileTests";
				PRODUCT_NAME = "$(TARGET_NAME)";
				SWIFT_EMIT_LOC_STRINGS = NO;
				SWIFT_VERSION = 5.0;
				TARGETED_DEVICE_FAMILY = "1,2";
				TEST_HOST = "$(BUILT_PRODUCTS_DIR)/TechCheck-Mobile.app/$(BUNDLE_EXECUTABLE_FOLDER_PATH)/TechCheck-Mobile";
			};
			name = Debug;
		};
		CEF3DC222966E9200081A1AA /* Release */ = {
			isa = XCBuildConfiguration;
			buildSettings = {
				ALWAYS_EMBED_SWIFT_STANDARD_LIBRARIES = YES;
				BUNDLE_LOADER = "$(TEST_HOST)";
				CODE_SIGN_STYLE = Automatic;
				CURRENT_PROJECT_VERSION = 1;
				DEVELOPMENT_TEAM = AYNN59G89Y;
				GENERATE_INFOPLIST_FILE = YES;
				IPHONEOS_DEPLOYMENT_TARGET = 16.1;
				MARKETING_VERSION = 1.0;
				PRODUCT_BUNDLE_IDENTIFIER = "com.my.techcheck.TechCheck-MobileTests";
				PRODUCT_NAME = "$(TARGET_NAME)";
				SWIFT_EMIT_LOC_STRINGS = NO;
				SWIFT_VERSION = 5.0;
				TARGETED_DEVICE_FAMILY = "1,2";
				TEST_HOST = "$(BUILT_PRODUCTS_DIR)/TechCheck-Mobile.app/$(BUNDLE_EXECUTABLE_FOLDER_PATH)/TechCheck-Mobile";
			};
			name = Release;
		};
		CEF3DC242966E9200081A1AA /* Debug */ = {
			isa = XCBuildConfiguration;
			buildSettings = {
				ALWAYS_EMBED_SWIFT_STANDARD_LIBRARIES = YES;
				CODE_SIGN_STYLE = Automatic;
				CURRENT_PROJECT_VERSION = 1;
				DEVELOPMENT_TEAM = AYNN59G89Y;
				GENERATE_INFOPLIST_FILE = YES;
				MARKETING_VERSION = 1.0;
				PRODUCT_BUNDLE_IDENTIFIER = "com.my.techcheck.TechCheck-MobileUITests";
				PRODUCT_NAME = "$(TARGET_NAME)";
				SWIFT_EMIT_LOC_STRINGS = NO;
				SWIFT_VERSION = 5.0;
				TARGETED_DEVICE_FAMILY = "1,2";
				TEST_TARGET_NAME = "TechCheck-Mobile";
			};
			name = Debug;
		};
		CEF3DC252966E9200081A1AA /* Release */ = {
			isa = XCBuildConfiguration;
			buildSettings = {
				ALWAYS_EMBED_SWIFT_STANDARD_LIBRARIES = YES;
				CODE_SIGN_STYLE = Automatic;
				CURRENT_PROJECT_VERSION = 1;
				DEVELOPMENT_TEAM = AYNN59G89Y;
				GENERATE_INFOPLIST_FILE = YES;
				MARKETING_VERSION = 1.0;
				PRODUCT_BUNDLE_IDENTIFIER = "com.my.techcheck.TechCheck-MobileUITests";
				PRODUCT_NAME = "$(TARGET_NAME)";
				SWIFT_EMIT_LOC_STRINGS = NO;
				SWIFT_VERSION = 5.0;
				TARGETED_DEVICE_FAMILY = "1,2";
				TEST_TARGET_NAME = "TechCheck-Mobile";
			};
			name = Release;
		};
/* End XCBuildConfiguration section */

/* Begin XCConfigurationList section */
		CEF3DBF42966E91F0081A1AA /* Build configuration list for PBXProject "TechCheck-Mobile" */ = {
			isa = XCConfigurationList;
			buildConfigurations = (
				CEF3DC1B2966E9200081A1AA /* Debug */,
				CEF3DC1C2966E9200081A1AA /* Release */,
			);
			defaultConfigurationIsVisible = 0;
			defaultConfigurationName = Release;
		};
		CEF3DC1D2966E9200081A1AA /* Build configuration list for PBXNativeTarget "TechCheck-Mobile" */ = {
			isa = XCConfigurationList;
			buildConfigurations = (
				CEF3DC1E2966E9200081A1AA /* Debug */,
				CEF3DC1F2966E9200081A1AA /* Release */,
			);
			defaultConfigurationIsVisible = 0;
			defaultConfigurationName = Release;
		};
		CEF3DC202966E9200081A1AA /* Build configuration list for PBXNativeTarget "TechCheck-MobileTests" */ = {
			isa = XCConfigurationList;
			buildConfigurations = (
				CEF3DC212966E9200081A1AA /* Debug */,
				CEF3DC222966E9200081A1AA /* Release */,
			);
			defaultConfigurationIsVisible = 0;
			defaultConfigurationName = Release;
		};
		CEF3DC232966E9200081A1AA /* Build configuration list for PBXNativeTarget "TechCheck-MobileUITests" */ = {
			isa = XCConfigurationList;
			buildConfigurations = (
				CEF3DC242966E9200081A1AA /* Debug */,
				CEF3DC252966E9200081A1AA /* Release */,
			);
			defaultConfigurationIsVisible = 0;
			defaultConfigurationName = Release;
		};
/* End XCConfigurationList section */
	};
	rootObject = CEF3DBF12966E91F0081A1AA /* Project object */;
}
